
Microsoft Visual Studio Solution File, Format Version 12.00
# Visual Studio 15
VisualStudioVersion = 15.0.28010.2050
MinimumVisualStudioVersion = 10.0.40219.1
Project("{FAE04EC0-301F-11D3-BF4B-00C04F79EFBC}") = "TestWebApi", "TestWebApi\TestWebApi.csproj", "{42665E80-C339-46B5-8201-CB3853512AE6}"
EndProject
Global
	GlobalSection(SolutionConfigurationPlatforms) = preSolution
		Debug|Any CPU = Debug|Any CPU
		Release|Any CPU = Release|Any CPU
	EndGlobalSection
	GlobalSection(ProjectConfigurationPlatforms) = postSolution
		{42665E80-C339-46B5-8201-CB3853512AE6}.Debug|Any CPU.ActiveCfg = Debug|Any CPU
		{42665E80-C339-46B5-8201-CB3853512AE6}.Debug|Any CPU.Build.0 = Debug|Any CPU
		{42665E80-C339-46B5-8201-CB3853512AE6}.Release|Any CPU.ActiveCfg = Release|Any CPU
		{42665E80-C339-46B5-8201-CB3853512AE6}.Release|Any CPU.Build.0 = Release|Any CPU
	EndGlobalSection
	GlobalSection(SolutionProperties) = preSolution
		HideSolutionNode = FALSE
	EndGlobalSection
	GlobalSection(ExtensibilityGlobals) = postSolution
		SolutionGuid = {26C3F545-641D-45ED-9062-037037D45CED}
	EndGlobalSection
EndGlobal
